// !$*UTF8*$!
{
	archiveVersion = 1;
	classes = {
	};
	objectVersion = 55;
	objects = {

/* Begin PBXBuildFile section */
		023D18E327E80F8A00ECE3CD /* Extension.swift in Sources */ = {isa = PBXBuildFile; fileRef = 023D18E227E80F8900ECE3CD /* Extension.swift */; };
		023D18E527E812A100ECE3CD /* ShadowImageView.swift in Sources */ = {isa = PBXBuildFile; fileRef = 023D18E427E812A100ECE3CD /* ShadowImageView.swift */; };
		023D18E727E8169300ECE3CD /* NewsTableViewCell.swift in Sources */ = {isa = PBXBuildFile; fileRef = 023D18E627E8169300ECE3CD /* NewsTableViewCell.swift */; };
		02C9FC8A27E77CFB0052F033 /* AppDelegate.swift in Sources */ = {isa = PBXBuildFile; fileRef = 02C9FC8927E77CFB0052F033 /* AppDelegate.swift */; };
		02C9FC8C27E77CFB0052F033 /* SceneDelegate.swift in Sources */ = {isa = PBXBuildFile; fileRef = 02C9FC8B27E77CFB0052F033 /* SceneDelegate.swift */; };
		02C9FC8E27E77CFB0052F033 /* ViewController.swift in Sources */ = {isa = PBXBuildFile; fileRef = 02C9FC8D27E77CFB0052F033 /* ViewController.swift */; };
		02C9FC9327E77CFD0052F033 /* Assets.xcassets in Resources */ = {isa = PBXBuildFile; fileRef = 02C9FC9227E77CFD0052F033 /* Assets.xcassets */; };
		02C9FC9627E77CFD0052F033 /* LaunchScreen.storyboard in Resources */ = {isa = PBXBuildFile; fileRef = 02C9FC9427E77CFD0052F033 /* LaunchScreen.storyboard */; };
		02C9FC9F27E7821B0052F033 /* APIKey.swift in Sources */ = {isa = PBXBuildFile; fileRef = 02C9FC9E27E7821B0052F033 /* APIKey.swift */; };
		02C9FCA227E782FD0052F033 /* News.swift in Sources */ = {isa = PBXBuildFile; fileRef = 02C9FCA127E782FD0052F033 /* News.swift */; };
		02C9FCA527E7845D0052F033 /* NetworkManager.swift in Sources */ = {isa = PBXBuildFile; fileRef = 02C9FCA427E7845D0052F033 /* NetworkManager.swift */; };
		02C9FCC727E7B0930052F033 /* NewsViewModel.swift in Sources */ = {isa = PBXBuildFile; fileRef = 02C9FCC627E7B0930052F033 /* NewsViewModel.swift */; };
		02C9FCCA27E7B2210052F033 /* NewsListViewModel.swift in Sources */ = {isa = PBXBuildFile; fileRef = 02C9FCC927E7B2210052F033 /* NewsListViewModel.swift */; };
		02C9FCCC27E7B4720052F033 /* HeaderView.swift in Sources */ = {isa = PBXBuildFile; fileRef = 02C9FCCB27E7B4720052F033 /* HeaderView.swift */; };
/* End PBXBuildFile section */

/* Begin PBXFileReference section */
		023D18E227E80F8900ECE3CD /* Extension.swift */ = {isa = PBXFileReference; lastKnownFileType = sourcecode.swift; path = Extension.swift; sourceTree = "<group>"; };
		023D18E427E812A100ECE3CD /* ShadowImageView.swift */ = {isa = PBXFileReference; lastKnownFileType = sourcecode.swift; path = ShadowImageView.swift; sourceTree = "<group>"; };
		023D18E627E8169300ECE3CD /* NewsTableViewCell.swift */ = {isa = PBXFileReference; lastKnownFileType = sourcecode.swift; path = NewsTableViewCell.swift; sourceTree = "<group>"; };
		02C9FC8627E77CFB0052F033 /* News.app */ = {isa = PBXFileReference; explicitFileType = wrapper.application; includeInIndex = 0; path = News.app; sourceTree = BUILT_PRODUCTS_DIR; };
		02C9FC8927E77CFB0052F033 /* AppDelegate.swift */ = {isa = PBXFileReference; lastKnownFileType = sourcecode.swift; path = AppDelegate.swift; sourceTree = "<group>"; };
		02C9FC8B27E77CFB0052F033 /* SceneDelegate.swift */ = {isa = PBXFileReference; lastKnownFileType = sourcecode.swift; path = SceneDelegate.swift; sourceTree = "<group>"; };
		02C9FC8D27E77CFB0052F033 /* ViewController.swift */ = {isa = PBXFileReference; lastKnownFileType = sourcecode.swift; path = ViewController.swift; sourceTree = "<group>"; };
		02C9FC9227E77CFD0052F033 /* Assets.xcassets */ = {isa = PBXFileReference; lastKnownFileType = folder.assetcatalog; path = Assets.xcassets; sourceTree = "<group>"; };
		02C9FC9527E77CFD0052F033 /* Base */ = {isa = PBXFileReference; lastKnownFileType = file.storyboard; name = Base; path = Base.lproj/LaunchScreen.storyboard; sourceTree = "<group>"; };
		02C9FC9727E77CFD0052F033 /* Info.plist */ = {isa = PBXFileReference; lastKnownFileType = text.plist.xml; path = Info.plist; sourceTree = "<group>"; };
		02C9FC9E27E7821B0052F033 /* APIKey.swift */ = {isa = PBXFileReference; lastKnownFileType = sourcecode.swift; path = APIKey.swift; sourceTree = "<group>"; };
		02C9FCA127E782FD0052F033 /* News.swift */ = {isa = PBXFileReference; lastKnownFileType = sourcecode.swift; path = News.swift; sourceTree = "<group>"; };
		02C9FCA427E7845D0052F033 /* NetworkManager.swift */ = {isa = PBXFileReference; lastKnownFileType = sourcecode.swift; path = NetworkManager.swift; sourceTree = "<group>"; };
		02C9FCC627E7B0930052F033 /* NewsViewModel.swift */ = {isa = PBXFileReference; lastKnownFileType = sourcecode.swift; path = NewsViewModel.swift; sourceTree = "<group>"; };
		02C9FCC927E7B2210052F033 /* NewsListViewModel.swift */ = {isa = PBXFileReference; lastKnownFileType = sourcecode.swift; path = NewsListViewModel.swift; sourceTree = "<group>"; };
		02C9FCCB27E7B4720052F033 /* HeaderView.swift */ = {isa = PBXFileReference; lastKnownFileType = sourcecode.swift; path = HeaderView.swift; sourceTree = "<group>"; };
/* End PBXFileReference section */

/* Begin PBXFrameworksBuildPhase section */
		02C9FC8327E77CFB0052F033 /* Frameworks */ = {
			isa = PBXFrameworksBuildPhase;
			buildActionMask = 2147483647;
			files = (
			);
			runOnlyForDeploymentPostprocessing = 0;
		};
/* End PBXFrameworksBuildPhase section */

/* Begin PBXGroup section */
		02C9FC7D27E77CFB0052F033 = {
			isa = PBXGroup;
			children = (
				02C9FC8827E77CFB0052F033 /* News */,
				02C9FC8727E77CFB0052F033 /* Products */,
			);
			sourceTree = "<group>";
		};
		02C9FC8727E77CFB0052F033 /* Products */ = {
			isa = PBXGroup;
			children = (
				02C9FC8627E77CFB0052F033 /* News.app */,
			);
			name = Products;
			sourceTree = "<group>";
		};
		02C9FC8827E77CFB0052F033 /* News */ = {
			isa = PBXGroup;
			children = (
				02C9FCCD27E7B4970052F033 /* Views */,
				02C9FCA327E784470052F033 /* Services */,
				02C9FCA027E782EB0052F033 /* Models */,
				02C9FCC827E7B09C0052F033 /* ViewModels */,
				02C9FC9D27E782040052F033 /* Config */,
				02C9FC8927E77CFB0052F033 /* AppDelegate.swift */,
				02C9FC8B27E77CFB0052F033 /* SceneDelegate.swift */,
				02C9FC8D27E77CFB0052F033 /* ViewController.swift */,
				023D18E227E80F8900ECE3CD /* Extension.swift */,
				02C9FC9227E77CFD0052F033 /* Assets.xcassets */,
				02C9FC9427E77CFD0052F033 /* LaunchScreen.storyboard */,
				02C9FC9727E77CFD0052F033 /* Info.plist */,
			);
			path = News;
			sourceTree = "<group>";
		};
		02C9FC9D27E782040052F033 /* Config */ = {
			isa = PBXGroup;
			children = (
				02C9FC9E27E7821B0052F033 /* APIKey.swift */,
			);
			path = Config;
			sourceTree = "<group>";
		};
		02C9FCA027E782EB0052F033 /* Models */ = {
			isa = PBXGroup;
			children = (
				02C9FCA127E782FD0052F033 /* News.swift */,
			);
			path = Models;
			sourceTree = "<group>";
		};
		02C9FCA327E784470052F033 /* Services */ = {
			isa = PBXGroup;
			children = (
				02C9FCA427E7845D0052F033 /* NetworkManager.swift */,
			);
			path = Services;
			sourceTree = "<group>";
		};
		02C9FCC827E7B09C0052F033 /* ViewModels */ = {
			isa = PBXGroup;
			children = (
				02C9FCC627E7B0930052F033 /* NewsViewModel.swift */,
				02C9FCC927E7B2210052F033 /* NewsListViewModel.swift */,
			);
			path = ViewModels;
			sourceTree = "<group>";
		};
		02C9FCCD27E7B4970052F033 /* Views */ = {
			isa = PBXGroup;
			children = (
				02C9FCCB27E7B4720052F033 /* HeaderView.swift */,
				023D18E427E812A100ECE3CD /* ShadowImageView.swift */,
				023D18E627E8169300ECE3CD /* NewsTableViewCell.swift */,
			);
			path = Views;
			sourceTree = "<group>";
		};
/* End PBXGroup section */

/* Begin PBXNativeTarget section */
		02C9FC8527E77CFB0052F033 /* News */ = {
			isa = PBXNativeTarget;
			buildConfigurationList = 02C9FC9A27E77CFD0052F033 /* Build configuration list for PBXNativeTarget "News" */;
			buildPhases = (
				02C9FC8227E77CFB0052F033 /* Sources */,
				02C9FC8327E77CFB0052F033 /* Frameworks */,
				02C9FC8427E77CFB0052F033 /* Resources */,
			);
			buildRules = (
			);
			dependencies = (
			);
			name = News;
			productName = News;
			productReference = 02C9FC8627E77CFB0052F033 /* News.app */;
			productType = "com.apple.product-type.application";
		};
/* End PBXNativeTarget section */

/* Begin PBXProject section */
		02C9FC7E27E77CFB0052F033 /* Project object */ = {
			isa = PBXProject;
			attributes = {
				BuildIndependentTargetsInParallel = 1;
				LastSwiftUpdateCheck = 1330;
				LastUpgradeCheck = 1330;
				TargetAttributes = {
					02C9FC8527E77CFB0052F033 = {
						CreatedOnToolsVersion = 13.3;
					};
				};
			};
			buildConfigurationList = 02C9FC8127E77CFB0052F033 /* Build configuration list for PBXProject "News" */;
			compatibilityVersion = "Xcode 13.0";
			developmentRegion = en;
			hasScannedForEncodings = 0;
			knownRegions = (
				en,
				Base,
			);
			mainGroup = 02C9FC7D27E77CFB0052F033;
			productRefGroup = 02C9FC8727E77CFB0052F033 /* Products */;
			projectDirPath = "";
			projectRoot = "";
			targets = (
				02C9FC8527E77CFB0052F033 /* News */,
			);
		};
/* End PBXProject section */

/* Begin PBXResourcesBuildPhase section */
		02C9FC8427E77CFB0052F033 /* Resources */ = {
			isa = PBXResourcesBuildPhase;
			buildActionMask = 2147483647;
			files = (
				02C9FC9627E77CFD0052F033 /* LaunchScreen.storyboard in Resources */,
				02C9FC9327E77CFD0052F033 /* Assets.xcassets in Resources */,
			);
			runOnlyForDeploymentPostprocessing = 0;
		};
/* End PBXResourcesBuildPhase section */

/* Begin PBXSourcesBuildPhase section */
		02C9FC8227E77CFB0052F033 /* Sources */ = {
			isa = PBXSourcesBuildPhase;
			buildActionMask = 2147483647;
			files = (
				02C9FCA527E7845D0052F033 /* NetworkManager.swift in Sources */,
				023D18E527E812A100ECE3CD /* ShadowImageView.swift in Sources */,
				023D18E727E8169300ECE3CD /* NewsTableViewCell.swift in Sources */,
				02C9FCCC27E7B4720052F033 /* HeaderView.swift in Sources */,
				02C9FC8E27E77CFB0052F033 /* ViewController.swift in Sources */,
				02C9FC8A27E77CFB0052F033 /* AppDelegate.swift in Sources */,
				02C9FC9F27E7821B0052F033 /* APIKey.swift in Sources */,
				023D18E327E80F8A00ECE3CD /* Extension.swift in Sources */,
				02C9FCC727E7B0930052F033 /* NewsViewModel.swift in Sources */,
				02C9FCA227E782FD0052F033 /* News.swift in Sources */,
				02C9FC8C27E77CFB0052F033 /* SceneDelegate.swift in Sources */,
				02C9FCCA27E7B2210052F033 /* NewsListViewModel.swift in Sources */,
			);
			runOnlyForDeploymentPostprocessing = 0;
		};
/* End PBXSourcesBuildPhase section */

/* Begin PBXVariantGroup section */
		02C9FC9427E77CFD0052F033 /* LaunchScreen.storyboard */ = {
			isa = PBXVariantGroup;
			children = (
				02C9FC9527E77CFD0052F033 /* Base */,
			);
			name = LaunchScreen.storyboard;
			sourceTree = "<group>";
		};
/* End PBXVariantGroup section */

/* Begin XCBuildConfiguration section */
		02C9FC9827E77CFD0052F033 /* Debug */ = {
			isa = XCBuildConfiguration;
			buildSettings = {
				ALWAYS_SEARCH_USER_PATHS = NO;
				CLANG_ANALYZER_NONNULL = YES;
				CLANG_ANALYZER_NUMBER_OBJECT_CONVERSION = YES_AGGRESSIVE;
				CLANG_CXX_LANGUAGE_STANDARD = "gnu++17";
				CLANG_ENABLE_MODULES = YES;
				CLANG_ENABLE_OBJC_ARC = YES;
				CLANG_ENABLE_OBJC_WEAK = YES;
				CLANG_WARN_BLOCK_CAPTURE_AUTORELEASING = YES;
				CLANG_WARN_BOOL_CONVERSION = YES;
				CLANG_WARN_COMMA = YES;
				CLANG_WARN_CONSTANT_CONVERSION = YES;
				CLANG_WARN_DEPRECATED_OBJC_IMPLEMENTATIONS = YES;
				CLANG_WARN_DIRECT_OBJC_ISA_USAGE = YES_ERROR;
				CLANG_WARN_DOCUMENTATION_COMMENTS = YES;
				CLANG_WARN_EMPTY_BODY = YES;
				CLANG_WARN_ENUM_CONVERSION = YES;
				CLANG_WARN_INFINITE_RECURSION = YES;
				CLANG_WARN_INT_CONVERSION = YES;
				CLANG_WARN_NON_LITERAL_NULL_CONVERSION = YES;
				CLANG_WARN_OBJC_IMPLICIT_RETAIN_SELF = YES;
				CLANG_WARN_OBJC_LITERAL_CONVERSION = YES;
				CLANG_WARN_OBJC_ROOT_CLASS = YES_ERROR;
				CLANG_WARN_QUOTED_INCLUDE_IN_FRAMEWORK_HEADER = YES;
				CLANG_WARN_RANGE_LOOP_ANALYSIS = YES;
				CLANG_WARN_STRICT_PROTOTYPES = YES;
				CLANG_WARN_SUSPICIOUS_MOVE = YES;
				CLANG_WARN_UNGUARDED_AVAILABILITY = YES_AGGRESSIVE;
				CLANG_WARN_UNREACHABLE_CODE = YES;
				CLANG_WARN__DUPLICATE_METHOD_MATCH = YES;
				COPY_PHASE_STRIP = NO;
				DEBUG_INFORMATION_FORMAT = dwarf;
				ENABLE_STRICT_OBJC_MSGSEND = YES;
				ENABLE_TESTABILITY = YES;
				GCC_C_LANGUAGE_STANDARD = gnu11;
				GCC_DYNAMIC_NO_PIC = NO;
				GCC_NO_COMMON_BLOCKS = YES;
				GCC_OPTIMIZATION_LEVEL = 0;
				GCC_PREPROCESSOR_DEFINITIONS = (
					"DEBUG=1",
					"$(inherited)",
				);
				GCC_WARN_64_TO_32_BIT_CONVERSION = YES;
				GCC_WARN_ABOUT_RETURN_TYPE = YES_ERROR;
				GCC_WARN_UNDECLARED_SELECTOR = YES;
				GCC_WARN_UNINITIALIZED_AUTOS = YES_AGGRESSIVE;
				GCC_WARN_UNUSED_FUNCTION = YES;
				GCC_WARN_UNUSED_VARIABLE = YES;
				IPHONEOS_DEPLOYMENT_TARGET = 15.4;
				MTL_ENABLE_DEBUG_INFO = INCLUDE_SOURCE;
				MTL_FAST_MATH = YES;
				ONLY_ACTIVE_ARCH = YES;
				SDKROOT = iphoneos;
				SWIFT_ACTIVE_COMPILATION_CONDITIONS = DEBUG;
				SWIFT_OPTIMIZATION_LEVEL = "-Onone";
			};
			name = Debug;
		};
		02C9FC9927E77CFD0052F033 /* Release */ = {
			isa = XCBuildConfiguration;
			buildSettings = {
				ALWAYS_SEARCH_USER_PATHS = NO;
				CLANG_ANALYZER_NONNULL = YES;
				CLANG_ANALYZER_NUMBER_OBJECT_CONVERSION = YES_AGGRESSIVE;
				CLANG_CXX_LANGUAGE_STANDARD = "gnu++17";
				CLANG_ENABLE_MODULES = YES;
				CLANG_ENABLE_OBJC_ARC = YES;
				CLANG_ENABLE_OBJC_WEAK = YES;
				CLANG_WARN_BLOCK_CAPTURE_AUTORELEASING = YES;
				CLANG_WARN_BOOL_CONVERSION = YES;
				CLANG_WARN_COMMA = YES;
				CLANG_WARN_CONSTANT_CONVERSION = YES;
				CLANG_WARN_DEPRECATED_OBJC_IMPLEMENTATIONS = YES;
				CLANG_WARN_DIRECT_OBJC_ISA_USAGE = YES_ERROR;
				CLANG_WARN_DOCUMENTATION_COMMENTS = YES;
				CLANG_WARN_EMPTY_BODY = YES;
				CLANG_WARN_ENUM_CONVERSION = YES;
				CLANG_WARN_INFINITE_RECURSION = YES;
				CLANG_WARN_INT_CONVERSION = YES;
				CLANG_WARN_NON_LITERAL_NULL_CONVERSION = YES;
				CLANG_WARN_OBJC_IMPLICIT_RETAIN_SELF = YES;
				CLANG_WARN_OBJC_LITERAL_CONVERSION = YES;
				CLANG_WARN_OBJC_ROOT_CLASS = YES_ERROR;
				CLANG_WARN_QUOTED_INCLUDE_IN_FRAMEWORK_HEADER = YES;
				CLANG_WARN_RANGE_LOOP_ANALYSIS = YES;
				CLANG_WARN_STRICT_PROTOTYPES = YES;
				CLANG_WARN_SUSPICIOUS_MOVE = YES;
				CLANG_WARN_UNGUARDED_AVAILABILITY = YES_AGGRESSIVE;
				CLANG_WARN_UNREACHABLE_CODE = YES;
				CLANG_WARN__DUPLICATE_METHOD_MATCH = YES;
				COPY_PHASE_STRIP = NO;
				DEBUG_INFORMATION_FORMAT = "dwarf-with-dsym";
				ENABLE_NS_ASSERTIONS = NO;
				ENABLE_STRICT_OBJC_MSGSEND = YES;
				GCC_C_LANGUAGE_STANDARD = gnu11;
				GCC_NO_COMMON_BLOCKS = YES;
				GCC_WARN_64_TO_32_BIT_CONVERSION = YES;
				GCC_WARN_ABOUT_RETURN_TYPE = YES_ERROR;
				GCC_WARN_UNDECLARED_SELECTOR = YES;
				GCC_WARN_UNINITIALIZED_AUTOS = YES_AGGRESSIVE;
				GCC_WARN_UNUSED_FUNCTION = YES;
				GCC_WARN_UNUSED_VARIABLE = YES;
				IPHONEOS_DEPLOYMENT_TARGET = 15.4;
				MTL_ENABLE_DEBUG_INFO = NO;
				MTL_FAST_MATH = YES;
				SDKROOT = iphoneos;
				SWIFT_COMPILATION_MODE = wholemodule;
				SWIFT_OPTIMIZATION_LEVEL = "-O";
				VALIDATE_PRODUCT = YES;
			};
			name = Release;
		};
		02C9FC9B27E77CFD0052F033 /* Debug */ = {
			isa = XCBuildConfiguration;
			buildSettings = {
				ASSETCATALOG_COMPILER_APPICON_NAME = AppIcon;
				ASSETCATALOG_COMPILER_GLOBAL_ACCENT_COLOR_NAME = AccentColor;
				CODE_SIGN_STYLE = Automatic;
				CURRENT_PROJECT_VERSION = 1;
				DEVELOPMENT_TEAM = 723HTEFHBA;
				GENERATE_INFOPLIST_FILE = YES;
				INFOPLIST_FILE = News/Info.plist;
				INFOPLIST_KEY_UIApplicationSupportsIndirectInputEvents = YES;
				INFOPLIST_KEY_UILaunchStoryboardName = LaunchScreen;
				INFOPLIST_KEY_UISupportedInterfaceOrientations_iPad = "UIInterfaceOrientationPortrait UIInterfaceOrientationPortraitUpsideDown UIInterfaceOrientationLandscapeLeft UIInterfaceOrientationLandscapeRight";
				INFOPLIST_KEY_UISupportedInterfaceOrientations_iPhone = "UIInterfaceOrientationPortrait UIInterfaceOrientationLandscapeLeft UIInterfaceOrientationLandscapeRight";
				LD_RUNPATH_SEARCH_PATHS = (
					"$(inherited)",
					"@executable_path/Frameworks",
				);
				MARKETING_VERSION = 1.0;
				PRODUCT_BUNDLE_IDENTIFIER = ru.ilines.nsu.News;
				PRODUCT_NAME = "$(TARGET_NAME)";
				SWIFT_EMIT_LOC_STRINGS = YES;
				SWIFT_VERSION = 5.0;
				TARGETED_DEVICE_FAMILY = "1,2";
			};
			name = Debug;
		};
		02C9FC9C27E77CFD0052F033 /* Release */ = {
			isa = XCBuildConfiguration;
			buildSettings = {
				ASSETCATALOG_COMPILER_APPICON_NAME = AppIcon;
				ASSETCATALOG_COMPILER_GLOBAL_ACCENT_COLOR_NAME = AccentColor;
				CODE_SIGN_STYLE = Automatic;
				CURRENT_PROJECT_VERSION = 1;
				DEVELOPMENT_TEAM = 723HTEFHBA;
				GENERATE_INFOPLIST_FILE = YES;
				INFOPLIST_FILE = News/Info.plist;
				INFOPLIST_KEY_UIApplicationSupportsIndirectInputEvents = YES;
				INFOPLIST_KEY_UILaunchStoryboardName = LaunchScreen;
				INFOPLIST_KEY_UISupportedInterfaceOrientations_iPad = "UIInterfaceOrientationPortrait UIInterfaceOrientationPortraitUpsideDown UIInterfaceOrientationLandscapeLeft UIInterfaceOrientationLandscapeRight";
				INFOPLIST_KEY_UISupportedInterfaceOrientations_iPhone = "UIInterfaceOrientationPortrait UIInterfaceOrientationLandscapeLeft UIInterfaceOrientationLandscapeRight";
				LD_RUNPATH_SEARCH_PATHS = (
					"$(inherited)",
					"@executable_path/Frameworks",
				);
				MARKETING_VERSION = 1.0;
				PRODUCT_BUNDLE_IDENTIFIER = ru.ilines.nsu.News;
				PRODUCT_NAME = "$(TARGET_NAME)";
				SWIFT_EMIT_LOC_STRINGS = YES;
				SWIFT_VERSION = 5.0;
				TARGETED_DEVICE_FAMILY = "1,2";
			};
			name = Release;
		};
/* End XCBuildConfiguration section */

/* Begin XCConfigurationList section */
		02C9FC8127E77CFB0052F033 /* Build configuration list for PBXProject "News" */ = {
			isa = XCConfigurationList;
			buildConfigurations = (
				02C9FC9827E77CFD0052F033 /* Debug */,
				02C9FC9927E77CFD0052F033 /* Release */,
			);
			defaultConfigurationIsVisible = 0;
			defaultConfigurationName = Release;
		};
		02C9FC9A27E77CFD0052F033 /* Build configuration list for PBXNativeTarget "News" */ = {
			isa = XCConfigurationList;
			buildConfigurations = (
				02C9FC9B27E77CFD0052F033 /* Debug */,
				02C9FC9C27E77CFD0052F033 /* Release */,
			);
			defaultConfigurationIsVisible = 0;
			defaultConfigurationName = Release;
		};
/* End XCConfigurationList section */
	};
	rootObject = 02C9FC7E27E77CFB0052F033 /* Project object */;
}
